
Microsoft Visual Studio Solution File, Format Version 12.00
# Visual Studio 15
VisualStudioVersion = 15.0.28307.1340
MinimumVisualStudioVersion = 10.0.40219.1
Project("{8BC9CEB8-8B4A-11D0-8D11-00A0C91BC942}") = "04_21_ex", "04_21_ex\04_21_ex.vcxproj", "{FA61FF76-D0B7-451F-96F5-8AC524FF3049}"
EndProject
Global
	GlobalSection(SolutionConfigurationPlatforms) = preSolution
		Debug|x64 = Debug|x64
		Debug|x86 = Debug|x86
		Release|x64 = Release|x64
		Release|x86 = Release|x86
	EndGlobalSection
	GlobalSection(ProjectConfigurationPlatforms) = postSolution
		{FA61FF76-D0B7-451F-96F5-8AC524FF3049}.Debug|x64.ActiveCfg = Debug|x64
		{FA61FF76-D0B7-451F-96F5-8AC524FF3049}.Debug|x64.Build.0 = Debug|x64
		{FA61FF76-D0B7-451F-96F5-8AC524FF3049}.Debug|x86.ActiveCfg = Debug|Win32
		{FA61FF76-D0B7-451F-96F5-8AC524FF3049}.Debug|x86.Build.0 = Debug|Win32
		{FA61FF76-D0B7-451F-96F5-8AC524FF3049}.Release|x64.ActiveCfg = Release|x64
		{FA61FF76-D0B7-451F-96F5-8AC524FF3049}.Release|x64.Build.0 = Release|x64
		{FA61FF76-D0B7-451F-96F5-8AC524FF3049}.Release|x86.ActiveCfg = Release|Win32
		{FA61FF76-D0B7-451F-96F5-8AC524FF3049}.Release|x86.Build.0 = Release|Win32
	EndGlobalSection
	GlobalSection(SolutionProperties) = preSolution
		HideSolutionNode = FALSE
	EndGlobalSection
	GlobalSection(ExtensibilityGlobals) = postSolution
		SolutionGuid = {1699D4CD-81B5-41A9-B717-B59313BA32AE}
	EndGlobalSection
EndGlobal
