
Microsoft Visual Studio Solution File, Format Version 12.00
# Visual Studio 15
VisualStudioVersion = 15.0.28307.1340
MinimumVisualStudioVersion = 10.0.40219.1
Project("{8BC9CEB8-8B4A-11D0-8D11-00A0C91BC942}") = "04_07_ex", "04_07_ex\04_07_ex.vcxproj", "{AC4B4380-E0BA-4341-A887-B2AD0EB58127}"
EndProject
Global
	GlobalSection(SolutionConfigurationPlatforms) = preSolution
		Debug|x64 = Debug|x64
		Debug|x86 = Debug|x86
		Release|x64 = Release|x64
		Release|x86 = Release|x86
	EndGlobalSection
	GlobalSection(ProjectConfigurationPlatforms) = postSolution
		{AC4B4380-E0BA-4341-A887-B2AD0EB58127}.Debug|x64.ActiveCfg = Debug|x64
		{AC4B4380-E0BA-4341-A887-B2AD0EB58127}.Debug|x64.Build.0 = Debug|x64
		{AC4B4380-E0BA-4341-A887-B2AD0EB58127}.Debug|x86.ActiveCfg = Debug|Win32
		{AC4B4380-E0BA-4341-A887-B2AD0EB58127}.Debug|x86.Build.0 = Debug|Win32
		{AC4B4380-E0BA-4341-A887-B2AD0EB58127}.Release|x64.ActiveCfg = Release|x64
		{AC4B4380-E0BA-4341-A887-B2AD0EB58127}.Release|x64.Build.0 = Release|x64
		{AC4B4380-E0BA-4341-A887-B2AD0EB58127}.Release|x86.ActiveCfg = Release|Win32
		{AC4B4380-E0BA-4341-A887-B2AD0EB58127}.Release|x86.Build.0 = Release|Win32
	EndGlobalSection
	GlobalSection(SolutionProperties) = preSolution
		HideSolutionNode = FALSE
	EndGlobalSection
	GlobalSection(ExtensibilityGlobals) = postSolution
		SolutionGuid = {9CF3EB29-EE77-4EBB-B0C7-4AA730B2921D}
	EndGlobalSection
EndGlobal
